
Microsoft Visual Studio Solution File, Format Version 12.00
# Visual Studio Version 17
VisualStudioVersion = 17.11.35219.272
MinimumVisualStudioVersion = 10.0.40219.1
Project("{FAE04EC0-301F-11D3-BF4B-00C04F79EFBC}") = "Modbus_Com", "Modbus_Com\Modbus_Com.csproj", "{10BFFC9E-23F7-40A2-88D6-4589E358879C}"
EndProject
Global
	GlobalSection(SolutionConfigurationPlatforms) = preSolution
		Debug|Any CPU = Debug|Any CPU
		Release|Any CPU = Release|Any CPU
	EndGlobalSection
	GlobalSection(ProjectConfigurationPlatforms) = postSolution
		{10BFFC9E-23F7-40A2-88D6-4589E358879C}.Debug|Any CPU.ActiveCfg = Debug|Any CPU
		{10BFFC9E-23F7-40A2-88D6-4589E358879C}.Debug|Any CPU.Build.0 = Debug|Any CPU
		{10BFFC9E-23F7-40A2-88D6-4589E358879C}.Release|Any CPU.ActiveCfg = Release|Any CPU
		{10BFFC9E-23F7-40A2-88D6-4589E358879C}.Release|Any CPU.Build.0 = Release|Any CPU
	EndGlobalSection
	GlobalSection(SolutionProperties) = preSolution
		HideSolutionNode = FALSE
	EndGlobalSection
	GlobalSection(ExtensibilityGlobals) = postSolution
		SolutionGuid = {CF185003-1DE7-4610-A7D2-CECB398EE418}
	EndGlobalSection
EndGlobal
